{
  "name": "crypto-live-spread-golang",
  "lockfileVersion": 3,
  "requires": true,
  "packages": {
    "": {
      "dependencies": {
        "svrollbar": "^0.12.0"
      }
    },
    "node_modules/svrollbar": {
      "version": "0.12.0",
      "resolved": "https://registry.npmjs.org/svrollbar/-/svrollbar-0.12.0.tgz",
      "integrity": "sha512-okH0sz8bGtw+tgOfN1mpEtbveifxROcE3mbUMBJ1RQz8Q+1rVr+nVG7EAJ9b0G80cGDu7dskjAWuzj3iru0k5g=="
    }
  }
}
